
Microsoft Visual Studio Solution File, Format Version 12.00
# Visual Studio 15
VisualStudioVersion = 15.0.27703.2042
MinimumVisualStudioVersion = 10.0.40219.1
Project("{FAE04EC0-301F-11D3-BF4B-00C04F79EFBC}") = "FoodList.Android", "FoodList\FoodList.Android\FoodList.Android.csproj", "{9512B2C6-E080-42E2-A837-9B30A7060948}"
EndProject
Project("{FAE04EC0-301F-11D3-BF4B-00C04F79EFBC}") = "FoodList.iOS", "FoodList\FoodList.iOS\FoodList.iOS.csproj", "{0CE2A8EA-3A7E-447B-BD2A-3DD32F99B741}"
EndProject
Project("{FAE04EC0-301F-11D3-BF4B-00C04F79EFBC}") = "FoodList.UWP", "FoodList\FoodList.UWP\FoodList.UWP.csproj", "{2CDADEBF-0728-4728-9B46-086846C7BEFF}"
EndProject
Project("{D954291E-2A0B-460D-934E-DC6B0785DB48}") = "FoodList", "FoodList\FoodList\FoodList.shproj", "{CB72E8B9-4DA5-4E6A-9377-7935581209D8}"
EndProject
Project("{FAE04EC0-301F-11D3-BF4B-00C04F79EFBC}") = "FoodList.Test", "FoodList.Test\FoodList.Test.csproj", "{B19C892E-2628-4CA7-AD27-08D406A3B14B}"
EndProject
Global
	GlobalSection(SharedMSBuildProjectFiles) = preSolution
		FoodList\FoodList\FoodList.projitems*{0ce2a8ea-3a7e-447b-bd2a-3dd32f99b741}*SharedItemsImports = 4
		FoodList\FoodList\FoodList.projitems*{2cdadebf-0728-4728-9b46-086846c7beff}*SharedItemsImports = 4
		FoodList\FoodList\FoodList.projitems*{9512b2c6-e080-42e2-a837-9b30a7060948}*SharedItemsImports = 4
		FoodList\FoodList\FoodList.projitems*{cb72e8b9-4da5-4e6a-9377-7935581209d8}*SharedItemsImports = 13
	EndGlobalSection
	GlobalSection(SolutionConfigurationPlatforms) = preSolution
		Ad-Hoc|Any CPU = Ad-Hoc|Any CPU
		Ad-Hoc|ARM = Ad-Hoc|ARM
		Ad-Hoc|iPhone = Ad-Hoc|iPhone
		Ad-Hoc|iPhoneSimulator = Ad-Hoc|iPhoneSimulator
		Ad-Hoc|x64 = Ad-Hoc|x64
		Ad-Hoc|x86 = Ad-Hoc|x86
		AppStore|Any CPU = AppStore|Any CPU
		AppStore|ARM = AppStore|ARM
		AppStore|iPhone = AppStore|iPhone
		AppStore|iPhoneSimulator = AppStore|iPhoneSimulator
		AppStore|x64 = AppStore|x64
		AppStore|x86 = AppStore|x86
		Debug|Any CPU = Debug|Any CPU
		Debug|ARM = Debug|ARM
		Debug|iPhone = Debug|iPhone
		Debug|iPhoneSimulator = Debug|iPhoneSimulator
		Debug|x64 = Debug|x64
		Debug|x86 = Debug|x86
		Release|Any CPU = Release|Any CPU
		Release|ARM = Release|ARM
		Release|iPhone = Release|iPhone
		Release|iPhoneSimulator = Release|iPhoneSimulator
		Release|x64 = Release|x64
		Release|x86 = Release|x86
	EndGlobalSection
	GlobalSection(ProjectConfigurationPlatforms) = postSolution
		{9512B2C6-E080-42E2-A837-9B30A7060948}.Ad-Hoc|Any CPU.ActiveCfg = Release|Any CPU
		{9512B2C6-E080-42E2-A837-9B30A7060948}.Ad-Hoc|Any CPU.Build.0 = Release|Any CPU
		{9512B2C6-E080-42E2-A837-9B30A7060948}.Ad-Hoc|Any CPU.Deploy.0 = Release|Any CPU
		{9512B2C6-E080-42E2-A837-9B30A7060948}.Ad-Hoc|ARM.ActiveCfg = Release|Any CPU
		{9512B2C6-E080-42E2-A837-9B30A7060948}.Ad-Hoc|ARM.Build.0 = Release|Any CPU
		{9512B2C6-E080-42E2-A837-9B30A7060948}.Ad-Hoc|ARM.Deploy.0 = Release|Any CPU
		{9512B2C6-E080-42E2-A837-9B30A7060948}.Ad-Hoc|iPhone.ActiveCfg = Release|Any CPU
		{9512B2C6-E080-42E2-A837-9B30A7060948}.Ad-Hoc|iPhone.Build.0 = Release|Any CPU
		{9512B2C6-E080-42E2-A837-9B30A7060948}.Ad-Hoc|iPhone.Deploy.0 = Release|Any CPU
		{9512B2C6-E080-42E2-A837-9B30A7060948}.Ad-Hoc|iPhoneSimulator.ActiveCfg = Release|Any CPU
		{9512B2C6-E080-42E2-A837-9B30A7060948}.Ad-Hoc|iPhoneSimulator.Build.0 = Release|Any CPU
		{9512B2C6-E080-42E2-A837-9B30A7060948}.Ad-Hoc|iPhoneSimulator.Deploy.0 = Release|Any CPU
		{9512B2C6-E080-42E2-A837-9B30A7060948}.Ad-Hoc|x64.ActiveCfg = Release|Any CPU
		{9512B2C6-E080-42E2-A837-9B30A7060948}.Ad-Hoc|x64.Build.0 = Release|Any CPU
		{9512B2C6-E080-42E2-A837-9B30A7060948}.Ad-Hoc|x64.Deploy.0 = Release|Any CPU
		{9512B2C6-E080-42E2-A837-9B30A7060948}.Ad-Hoc|x86.ActiveCfg = Release|Any CPU
		{9512B2C6-E080-42E2-A837-9B30A7060948}.Ad-Hoc|x86.Build.0 = Release|Any CPU
		{9512B2C6-E080-42E2-A837-9B30A7060948}.Ad-Hoc|x86.Deploy.0 = Release|Any CPU
		{9512B2C6-E080-42E2-A837-9B30A7060948}.AppStore|Any CPU.ActiveCfg = Release|Any CPU
		{9512B2C6-E080-42E2-A837-9B30A7060948}.AppStore|Any CPU.Build.0 = Release|Any CPU
		{9512B2C6-E080-42E2-A837-9B30A7060948}.AppStore|Any CPU.Deploy.0 = Release|Any CPU
		{9512B2C6-E080-42E2-A837-9B30A7060948}.AppStore|ARM.ActiveCfg = Release|Any CPU
		{9512B2C6-E080-42E2-A837-9B30A7060948}.AppStore|ARM.Build.0 = Release|Any CPU
		{9512B2C6-E080-42E2-A837-9B30A7060948}.AppStore|ARM.Deploy.0 = Release|Any CPU
		{9512B2C6-E080-42E2-A837-9B30A7060948}.AppStore|iPhone.ActiveCfg = Release|Any CPU
		{9512B2C6-E080-42E2-A837-9B30A7060948}.AppStore|iPhone.Build.0 = Release|Any CPU
		{9512B2C6-E080-42E2-A837-9B30A7060948}.AppStore|iPhone.Deploy.0 = Release|Any CPU
		{9512B2C6-E080-42E2-A837-9B30A7060948}.AppStore|iPhoneSimulator.ActiveCfg = Release|Any CPU
		{9512B2C6-E080-42E2-A837-9B30A7060948}.AppStore|iPhoneSimulator.Build.0 = Release|Any CPU
		{9512B2C6-E080-42E2-A837-9B30A7060948}.AppStore|iPhoneSimulator.Deploy.0 = Release|Any CPU
		{9512B2C6-E080-42E2-A837-9B30A7060948}.AppStore|x64.ActiveCfg = Release|Any CPU
		{9512B2C6-E080-42E2-A837-9B30A7060948}.AppStore|x64.Build.0 = Release|Any CPU
		{9512B2C6-E080-42E2-A837-9B30A7060948}.AppStore|x64.Deploy.0 = Release|Any CPU
		{9512B2C6-E080-42E2-A837-9B30A7060948}.AppStore|x86.ActiveCfg = Release|Any CPU
		{9512B2C6-E080-42E2-A837-9B30A7060948}.AppStore|x86.Build.0 = Release|Any CPU
		{9512B2C6-E080-42E2-A837-9B30A7060948}.AppStore|x86.Deploy.0 = Release|Any CPU
		{9512B2C6-E080-42E2-A837-9B30A7060948}.Debug|Any CPU.ActiveCfg = Debug|Any CPU
		{9512B2C6-E080-42E2-A837-9B30A7060948}.Debug|Any CPU.Build.0 = Debug|Any CPU
		{9512B2C6-E080-42E2-A837-9B30A7060948}.Debug|Any CPU.Deploy.0 = Debug|Any CPU
		{9512B2C6-E080-42E2-A837-9B30A7060948}.Debug|ARM.ActiveCfg = Debug|Any CPU
		{9512B2C6-E080-42E2-A837-9B30A7060948}.Debug|ARM.Build.0 = Debug|Any CPU
		{9512B2C6-E080-42E2-A837-9B30A7060948}.Debug|ARM.Deploy.0 = Debug|Any CPU
		{9512B2C6-E080-42E2-A837-9B30A7060948}.Debug|iPhone.ActiveCfg = Debug|Any CPU
		{9512B2C6-E080-42E2-A837-9B30A7060948}.Debug|iPhone.Build.0 = Debug|Any CPU
		{9512B2C6-E080-42E2-A837-9B30A7060948}.Debug|iPhone.Deploy.0 = Debug|Any CPU
		{9512B2C6-E080-42E2-A837-9B30A7060948}.Debug|iPhoneSimulator.ActiveCfg = Debug|Any CPU
		{9512B2C6-E080-42E2-A837-9B30A7060948}.Debug|iPhoneSimulator.Build.0 = Debug|Any CPU
		{9512B2C6-E080-42E2-A837-9B30A7060948}.Debug|iPhoneSimulator.Deploy.0 = Debug|Any CPU
		{9512B2C6-E080-42E2-A837-9B30A7060948}.Debug|x64.ActiveCfg = Debug|Any CPU
		{9512B2C6-E080-42E2-A837-9B30A7060948}.Debug|x64.Build.0 = Debug|Any CPU
		{9512B2C6-E080-42E2-A837-9B30A7060948}.Debug|x64.Deploy.0 = Debug|Any CPU
		{9512B2C6-E080-42E2-A837-9B30A7060948}.Debug|x86.ActiveCfg = Debug|Any CPU
		{9512B2C6-E080-42E2-A837-9B30A7060948}.Debug|x86.Build.0 = Debug|Any CPU
		{9512B2C6-E080-42E2-A837-9B30A7060948}.Debug|x86.Deploy.0 = Debug|Any CPU
		{9512B2C6-E080-42E2-A837-9B30A7060948}.Release|Any CPU.ActiveCfg = Release|Any CPU
		{9512B2C6-E080-42E2-A837-9B30A7060948}.Release|Any CPU.Build.0 = Release|Any CPU
		{9512B2C6-E080-42E2-A837-9B30A7060948}.Release|Any CPU.Deploy.0 = Release|Any CPU
		{9512B2C6-E080-42E2-A837-9B30A7060948}.Release|ARM.ActiveCfg = Release|Any CPU
		{9512B2C6-E080-42E2-A837-9B30A7060948}.Release|ARM.Build.0 = Release|Any CPU
		{9512B2C6-E080-42E2-A837-9B30A7060948}.Release|ARM.Deploy.0 = Release|Any CPU
		{9512B2C6-E080-42E2-A837-9B30A7060948}.Release|iPhone.ActiveCfg = Release|Any CPU
		{9512B2C6-E080-42E2-A837-9B30A7060948}.Release|iPhone.Build.0 = Release|Any CPU
		{9512B2C6-E080-42E2-A837-9B30A7060948}.Release|iPhone.Deploy.0 = Release|Any CPU
		{9512B2C6-E080-42E2-A837-9B30A7060948}.Release|iPhoneSimulator.ActiveCfg = Release|Any CPU
		{9512B2C6-E080-42E2-A837-9B30A7060948}.Release|iPhoneSimulator.Build.0 = Release|Any CPU
		{9512B2C6-E080-42E2-A837-9B30A7060948}.Release|iPhoneSimulator.Deploy.0 = Release|Any CPU
		{9512B2C6-E080-42E2-A837-9B30A7060948}.Release|x64.ActiveCfg = Release|Any CPU
		{9512B2C6-E080-42E2-A837-9B30A7060948}.Release|x64.Build.0 = Release|Any CPU
		{9512B2C6-E080-42E2-A837-9B30A7060948}.Release|x64.Deploy.0 = Release|Any CPU
		{9512B2C6-E080-42E2-A837-9B30A7060948}.Release|x86.ActiveCfg = Release|Any CPU
		{9512B2C6-E080-42E2-A837-9B30A7060948}.Release|x86.Build.0 = Release|Any CPU
		{9512B2C6-E080-42E2-A837-9B30A7060948}.Release|x86.Deploy.0 = Release|Any CPU
		{0CE2A8EA-3A7E-447B-BD2A-3DD32F99B741}.Ad-Hoc|Any CPU.ActiveCfg = Ad-Hoc|iPhone
		{0CE2A8EA-3A7E-447B-BD2A-3DD32F99B741}.Ad-Hoc|Any CPU.Build.0 = Ad-Hoc|iPhone
		{0CE2A8EA-3A7E-447B-BD2A-3DD32F99B741}.Ad-Hoc|Any CPU.Deploy.0 = Ad-Hoc|iPhone
		{0CE2A8EA-3A7E-447B-BD2A-3DD32F99B741}.Ad-Hoc|ARM.ActiveCfg = Ad-Hoc|iPhone
		{0CE2A8EA-3A7E-447B-BD2A-3DD32F99B741}.Ad-Hoc|ARM.Build.0 = Ad-Hoc|iPhone
		{0CE2A8EA-3A7E-447B-BD2A-3DD32F99B741}.Ad-Hoc|ARM.Deploy.0 = Ad-Hoc|iPhone
		{0CE2A8EA-3A7E-447B-BD2A-3DD32F99B741}.Ad-Hoc|iPhone.ActiveCfg = Ad-Hoc|iPhone
		{0CE2A8EA-3A7E-447B-BD2A-3DD32F99B741}.Ad-Hoc|iPhone.Build.0 = Ad-Hoc|iPhone
		{0CE2A8EA-3A7E-447B-BD2A-3DD32F99B741}.Ad-Hoc|iPhone.Deploy.0 = Ad-Hoc|iPhone
		{0CE2A8EA-3A7E-447B-BD2A-3DD32F99B741}.Ad-Hoc|iPhoneSimulator.ActiveCfg = Ad-Hoc|iPhoneSimulator
		{0CE2A8EA-3A7E-447B-BD2A-3DD32F99B741}.Ad-Hoc|iPhoneSimulator.Build.0 = Ad-Hoc|iPhoneSimulator
		{0CE2A8EA-3A7E-447B-BD2A-3DD32F99B741}.Ad-Hoc|iPhoneSimulator.Deploy.0 = Ad-Hoc|iPhoneSimulator
		{0CE2A8EA-3A7E-447B-BD2A-3DD32F99B741}.Ad-Hoc|x64.ActiveCfg = Ad-Hoc|iPhone
		{0CE2A8EA-3A7E-447B-BD2A-3DD32F99B741}.Ad-Hoc|x64.Build.0 = Ad-Hoc|iPhone
		{0CE2A8EA-3A7E-447B-BD2A-3DD32F99B741}.Ad-Hoc|x64.Deploy.0 = Ad-Hoc|iPhone
		{0CE2A8EA-3A7E-447B-BD2A-3DD32F99B741}.Ad-Hoc|x86.ActiveCfg = Ad-Hoc|iPhone
		{0CE2A8EA-3A7E-447B-BD2A-3DD32F99B741}.Ad-Hoc|x86.Build.0 = Ad-Hoc|iPhone
		{0CE2A8EA-3A7E-447B-BD2A-3DD32F99B741}.Ad-Hoc|x86.Deploy.0 = Ad-Hoc|iPhone
		{0CE2A8EA-3A7E-447B-BD2A-3DD32F99B741}.AppStore|Any CPU.ActiveCfg = AppStore|iPhone
		{0CE2A8EA-3A7E-447B-BD2A-3DD32F99B741}.AppStore|Any CPU.Build.0 = AppStore|iPhone
		{0CE2A8EA-3A7E-447B-BD2A-3DD32F99B741}.AppStore|Any CPU.Deploy.0 = AppStore|iPhone
		{0CE2A8EA-3A7E-447B-BD2A-3DD32F99B741}.AppStore|ARM.ActiveCfg = AppStore|iPhone
		{0CE2A8EA-3A7E-447B-BD2A-3DD32F99B741}.AppStore|ARM.Build.0 = AppStore|iPhone
		{0CE2A8EA-3A7E-447B-BD2A-3DD32F99B741}.AppStore|ARM.Deploy.0 = AppStore|iPhone
		{0CE2A8EA-3A7E-447B-BD2A-3DD32F99B741}.AppStore|iPhone.ActiveCfg = AppStore|iPhone
		{0CE2A8EA-3A7E-447B-BD2A-3DD32F99B741}.AppStore|iPhone.Build.0 = AppStore|iPhone
		{0CE2A8EA-3A7E-447B-BD2A-3DD32F99B741}.AppStore|iPhone.Deploy.0 = AppStore|iPhone
		{0CE2A8EA-3A7E-447B-BD2A-3DD32F99B741}.AppStore|iPhoneSimulator.ActiveCfg = AppStore|iPhoneSimulator
		{0CE2A8EA-3A7E-447B-BD2A-3DD32F99B741}.AppStore|iPhoneSimulator.Build.0 = AppStore|iPhoneSimulator
		{0CE2A8EA-3A7E-447B-BD2A-3DD32F99B741}.AppStore|iPhoneSimulator.Deploy.0 = AppStore|iPhoneSimulator
		{0CE2A8EA-3A7E-447B-BD2A-3DD32F99B741}.AppStore|x64.ActiveCfg = AppStore|iPhone
		{0CE2A8EA-3A7E-447B-BD2A-3DD32F99B741}.AppStore|x64.Build.0 = AppStore|iPhone
		{0CE2A8EA-3A7E-447B-BD2A-3DD32F99B741}.AppStore|x64.Deploy.0 = AppStore|iPhone
		{0CE2A8EA-3A7E-447B-BD2A-3DD32F99B741}.AppStore|x86.ActiveCfg = AppStore|iPhone
		{0CE2A8EA-3A7E-447B-BD2A-3DD32F99B741}.AppStore|x86.Build.0 = AppStore|iPhone
		{0CE2A8EA-3A7E-447B-BD2A-3DD32F99B741}.AppStore|x86.Deploy.0 = AppStore|iPhone
		{0CE2A8EA-3A7E-447B-BD2A-3DD32F99B741}.Debug|Any CPU.ActiveCfg = Debug|iPhoneSimulator
		{0CE2A8EA-3A7E-447B-BD2A-3DD32F99B741}.Debug|Any CPU.Build.0 = Debug|iPhoneSimulator
		{0CE2A8EA-3A7E-447B-BD2A-3DD32F99B741}.Debug|Any CPU.Deploy.0 = Debug|iPhoneSimulator
		{0CE2A8EA-3A7E-447B-BD2A-3DD32F99B741}.Debug|ARM.ActiveCfg = Debug|iPhone
		{0CE2A8EA-3A7E-447B-BD2A-3DD32F99B741}.Debug|ARM.Build.0 = Debug|iPhone
		{0CE2A8EA-3A7E-447B-BD2A-3DD32F99B741}.Debug|ARM.Deploy.0 = Debug|iPhone
		{0CE2A8EA-3A7E-447B-BD2A-3DD32F99B741}.Debug|iPhone.ActiveCfg = Debug|iPhone
		{0CE2A8EA-3A7E-447B-BD2A-3DD32F99B741}.Debug|iPhone.Build.0 = Debug|iPhone
		{0CE2A8EA-3A7E-447B-BD2A-3DD32F99B741}.Debug|iPhone.Deploy.0 = Debug|iPhone
		{0CE2A8EA-3A7E-447B-BD2A-3DD32F99B741}.Debug|iPhoneSimulator.ActiveCfg = Debug|iPhoneSimulator
		{0CE2A8EA-3A7E-447B-BD2A-3DD32F99B741}.Debug|iPhoneSimulator.Build.0 = Debug|iPhoneSimulator
		{0CE2A8EA-3A7E-447B-BD2A-3DD32F99B741}.Debug|iPhoneSimulator.Deploy.0 = Debug|iPhoneSimulator
		{0CE2A8EA-3A7E-447B-BD2A-3DD32F99B741}.Debug|x64.ActiveCfg = Debug|iPhone
		{0CE2A8EA-3A7E-447B-BD2A-3DD32F99B741}.Debug|x64.Build.0 = Debug|iPhone
		{0CE2A8EA-3A7E-447B-BD2A-3DD32F99B741}.Debug|x64.Deploy.0 = Debug|iPhone
		{0CE2A8EA-3A7E-447B-BD2A-3DD32F99B741}.Debug|x86.ActiveCfg = Debug|iPhone
		{0CE2A8EA-3A7E-447B-BD2A-3DD32F99B741}.Debug|x86.Build.0 = Debug|iPhone
		{0CE2A8EA-3A7E-447B-BD2A-3DD32F99B741}.Debug|x86.Deploy.0 = Debug|iPhone
		{0CE2A8EA-3A7E-447B-BD2A-3DD32F99B741}.Release|Any CPU.ActiveCfg = Release|iPhone
		{0CE2A8EA-3A7E-447B-BD2A-3DD32F99B741}.Release|Any CPU.Build.0 = Release|iPhone
		{0CE2A8EA-3A7E-447B-BD2A-3DD32F99B741}.Release|Any CPU.Deploy.0 = Release|iPhone
		{0CE2A8EA-3A7E-447B-BD2A-3DD32F99B741}.Release|ARM.ActiveCfg = Release|iPhone
		{0CE2A8EA-3A7E-447B-BD2A-3DD32F99B741}.Release|ARM.Build.0 = Release|iPhone
		{0CE2A8EA-3A7E-447B-BD2A-3DD32F99B741}.Release|ARM.Deploy.0 = Release|iPhone
		{0CE2A8EA-3A7E-447B-BD2A-3DD32F99B741}.Release|iPhone.ActiveCfg = Release|iPhone
		{0CE2A8EA-3A7E-447B-BD2A-3DD32F99B741}.Release|iPhone.Build.0 = Release|iPhone
		{0CE2A8EA-3A7E-447B-BD2A-3DD32F99B741}.Release|iPhone.Deploy.0 = Release|iPhone
		{0CE2A8EA-3A7E-447B-BD2A-3DD32F99B741}.Release|iPhoneSimulator.ActiveCfg = Release|iPhoneSimulator
		{0CE2A8EA-3A7E-447B-BD2A-3DD32F99B741}.Release|iPhoneSimulator.Build.0 = Release|iPhoneSimulator
		{0CE2A8EA-3A7E-447B-BD2A-3DD32F99B741}.Release|iPhoneSimulator.Deploy.0 = Release|iPhoneSimulator
		{0CE2A8EA-3A7E-447B-BD2A-3DD32F99B741}.Release|x64.ActiveCfg = Release|iPhone
		{0CE2A8EA-3A7E-447B-BD2A-3DD32F99B741}.Release|x64.Build.0 = Release|iPhone
		{0CE2A8EA-3A7E-447B-BD2A-3DD32F99B741}.Release|x64.Deploy.0 = Release|iPhone
		{0CE2A8EA-3A7E-447B-BD2A-3DD32F99B741}.Release|x86.ActiveCfg = Release|iPhone
		{0CE2A8EA-3A7E-447B-BD2A-3DD32F99B741}.Release|x86.Build.0 = Release|iPhone
		{0CE2A8EA-3A7E-447B-BD2A-3DD32F99B741}.Release|x86.Deploy.0 = Release|iPhone
		{2CDADEBF-0728-4728-9B46-086846C7BEFF}.Ad-Hoc|Any CPU.ActiveCfg = Release|x86
		{2CDADEBF-0728-4728-9B46-086846C7BEFF}.Ad-Hoc|Any CPU.Build.0 = Release|x86
		{2CDADEBF-0728-4728-9B46-086846C7BEFF}.Ad-Hoc|Any CPU.Deploy.0 = Release|x86
		{2CDADEBF-0728-4728-9B46-086846C7BEFF}.Ad-Hoc|ARM.ActiveCfg = Release|ARM
		{2CDADEBF-0728-4728-9B46-086846C7BEFF}.Ad-Hoc|ARM.Build.0 = Release|ARM
		{2CDADEBF-0728-4728-9B46-086846C7BEFF}.Ad-Hoc|ARM.Deploy.0 = Release|ARM
		{2CDADEBF-0728-4728-9B46-086846C7BEFF}.Ad-Hoc|iPhone.ActiveCfg = Release|x86
		{2CDADEBF-0728-4728-9B46-086846C7BEFF}.Ad-Hoc|iPhone.Build.0 = Release|x86
		{2CDADEBF-0728-4728-9B46-086846C7BEFF}.Ad-Hoc|iPhone.Deploy.0 = Release|x86
		{2CDADEBF-0728-4728-9B46-086846C7BEFF}.Ad-Hoc|iPhoneSimulator.ActiveCfg = Release|x86
		{2CDADEBF-0728-4728-9B46-086846C7BEFF}.Ad-Hoc|iPhoneSimulator.Build.0 = Release|x86
		{2CDADEBF-0728-4728-9B46-086846C7BEFF}.Ad-Hoc|iPhoneSimulator.Deploy.0 = Release|x86
		{2CDADEBF-0728-4728-9B46-086846C7BEFF}.Ad-Hoc|x64.ActiveCfg = Release|x64
		{2CDADEBF-0728-4728-9B46-086846C7BEFF}.Ad-Hoc|x64.Build.0 = Release|x64
		{2CDADEBF-0728-4728-9B46-086846C7BEFF}.Ad-Hoc|x64.Deploy.0 = Release|x64
		{2CDADEBF-0728-4728-9B46-086846C7BEFF}.Ad-Hoc|x86.ActiveCfg = Release|x86
		{2CDADEBF-0728-4728-9B46-086846C7BEFF}.Ad-Hoc|x86.Build.0 = Release|x86
		{2CDADEBF-0728-4728-9B46-086846C7BEFF}.Ad-Hoc|x86.Deploy.0 = Release|x86
		{2CDADEBF-0728-4728-9B46-086846C7BEFF}.AppStore|Any CPU.ActiveCfg = Release|x86
		{2CDADEBF-0728-4728-9B46-086846C7BEFF}.AppStore|Any CPU.Build.0 = Release|x86
		{2CDADEBF-0728-4728-9B46-086846C7BEFF}.AppStore|Any CPU.Deploy.0 = Release|x86
		{2CDADEBF-0728-4728-9B46-086846C7BEFF}.AppStore|ARM.ActiveCfg = Release|ARM
		{2CDADEBF-0728-4728-9B46-086846C7BEFF}.AppStore|ARM.Build.0 = Release|ARM
		{2CDADEBF-0728-4728-9B46-086846C7BEFF}.AppStore|ARM.Deploy.0 = Release|ARM
		{2CDADEBF-0728-4728-9B46-086846C7BEFF}.AppStore|iPhone.ActiveCfg = Release|x86
		{2CDADEBF-0728-4728-9B46-086846C7BEFF}.AppStore|iPhone.Build.0 = Release|x86
		{2CDADEBF-0728-4728-9B46-086846C7BEFF}.AppStore|iPhone.Deploy.0 = Release|x86
		{2CDADEBF-0728-4728-9B46-086846C7BEFF}.AppStore|iPhoneSimulator.ActiveCfg = Release|x86
		{2CDADEBF-0728-4728-9B46-086846C7BEFF}.AppStore|iPhoneSimulator.Build.0 = Release|x86
		{2CDADEBF-0728-4728-9B46-086846C7BEFF}.AppStore|iPhoneSimulator.Deploy.0 = Release|x86
		{2CDADEBF-0728-4728-9B46-086846C7BEFF}.AppStore|x64.ActiveCfg = Release|x64
		{2CDADEBF-0728-4728-9B46-086846C7BEFF}.AppStore|x64.Build.0 = Release|x64
		{2CDADEBF-0728-4728-9B46-086846C7BEFF}.AppStore|x64.Deploy.0 = Release|x64
		{2CDADEBF-0728-4728-9B46-086846C7BEFF}.AppStore|x86.ActiveCfg = Release|x86
		{2CDADEBF-0728-4728-9B46-086846C7BEFF}.AppStore|x86.Build.0 = Release|x86
		{2CDADEBF-0728-4728-9B46-086846C7BEFF}.AppStore|x86.Deploy.0 = Release|x86
		{2CDADEBF-0728-4728-9B46-086846C7BEFF}.Debug|Any CPU.ActiveCfg = Debug|x86
		{2CDADEBF-0728-4728-9B46-086846C7BEFF}.Debug|Any CPU.Build.0 = Debug|x86
		{2CDADEBF-0728-4728-9B46-086846C7BEFF}.Debug|Any CPU.Deploy.0 = Debug|x86
		{2CDADEBF-0728-4728-9B46-086846C7BEFF}.Debug|ARM.ActiveCfg = Debug|ARM
		{2CDADEBF-0728-4728-9B46-086846C7BEFF}.Debug|ARM.Build.0 = Debug|ARM
		{2CDADEBF-0728-4728-9B46-086846C7BEFF}.Debug|ARM.Deploy.0 = Debug|ARM
		{2CDADEBF-0728-4728-9B46-086846C7BEFF}.Debug|iPhone.ActiveCfg = Debug|x86
		{2CDADEBF-0728-4728-9B46-086846C7BEFF}.Debug|iPhone.Build.0 = Debug|x86
		{2CDADEBF-0728-4728-9B46-086846C7BEFF}.Debug|iPhone.Deploy.0 = Debug|x86
		{2CDADEBF-0728-4728-9B46-086846C7BEFF}.Debug|iPhoneSimulator.ActiveCfg = Debug|x86
		{2CDADEBF-0728-4728-9B46-086846C7BEFF}.Debug|iPhoneSimulator.Build.0 = Debug|x86
		{2CDADEBF-0728-4728-9B46-086846C7BEFF}.Debug|iPhoneSimulator.Deploy.0 = Debug|x86
		{2CDADEBF-0728-4728-9B46-086846C7BEFF}.Debug|x64.ActiveCfg = Debug|x64
		{2CDADEBF-0728-4728-9B46-086846C7BEFF}.Debug|x64.Build.0 = Debug|x64
		{2CDADEBF-0728-4728-9B46-086846C7BEFF}.Debug|x64.Deploy.0 = Debug|x64
		{2CDADEBF-0728-4728-9B46-086846C7BEFF}.Debug|x86.ActiveCfg = Debug|x86
		{2CDADEBF-0728-4728-9B46-086846C7BEFF}.Debug|x86.Build.0 = Debug|x86
		{2CDADEBF-0728-4728-9B46-086846C7BEFF}.Debug|x86.Deploy.0 = Debug|x86
		{2CDADEBF-0728-4728-9B46-086846C7BEFF}.Release|Any CPU.ActiveCfg = Release|x86
		{2CDADEBF-0728-4728-9B46-086846C7BEFF}.Release|Any CPU.Build.0 = Release|x86
		{2CDADEBF-0728-4728-9B46-086846C7BEFF}.Release|Any CPU.Deploy.0 = Release|x86
		{2CDADEBF-0728-4728-9B46-086846C7BEFF}.Release|ARM.ActiveCfg = Release|ARM
		{2CDADEBF-0728-4728-9B46-086846C7BEFF}.Release|ARM.Build.0 = Release|ARM
		{2CDADEBF-0728-4728-9B46-086846C7BEFF}.Release|ARM.Deploy.0 = Release|ARM
		{2CDADEBF-0728-4728-9B46-086846C7BEFF}.Release|iPhone.ActiveCfg = Release|x86
		{2CDADEBF-0728-4728-9B46-086846C7BEFF}.Release|iPhone.Build.0 = Release|x86
		{2CDADEBF-0728-4728-9B46-086846C7BEFF}.Release|iPhone.Deploy.0 = Release|x86
		{2CDADEBF-0728-4728-9B46-086846C7BEFF}.Release|iPhoneSimulator.ActiveCfg = Release|x86
		{2CDADEBF-0728-4728-9B46-086846C7BEFF}.Release|iPhoneSimulator.Build.0 = Release|x86
		{2CDADEBF-0728-4728-9B46-086846C7BEFF}.Release|iPhoneSimulator.Deploy.0 = Release|x86
		{2CDADEBF-0728-4728-9B46-086846C7BEFF}.Release|x64.ActiveCfg = Release|x64
		{2CDADEBF-0728-4728-9B46-086846C7BEFF}.Release|x64.Build.0 = Release|x64
		{2CDADEBF-0728-4728-9B46-086846C7BEFF}.Release|x64.Deploy.0 = Release|x64
		{2CDADEBF-0728-4728-9B46-086846C7BEFF}.Release|x86.ActiveCfg = Release|x86
		{2CDADEBF-0728-4728-9B46-086846C7BEFF}.Release|x86.Build.0 = Release|x86
		{2CDADEBF-0728-4728-9B46-086846C7BEFF}.Release|x86.Deploy.0 = Release|x86
		{B19C892E-2628-4CA7-AD27-08D406A3B14B}.Ad-Hoc|Any CPU.ActiveCfg = Release|Any CPU
		{B19C892E-2628-4CA7-AD27-08D406A3B14B}.Ad-Hoc|Any CPU.Build.0 = Release|Any CPU
		{B19C892E-2628-4CA7-AD27-08D406A3B14B}.Ad-Hoc|ARM.ActiveCfg = Release|Any CPU
		{B19C892E-2628-4CA7-AD27-08D406A3B14B}.Ad-Hoc|ARM.Build.0 = Release|Any CPU
		{B19C892E-2628-4CA7-AD27-08D406A3B14B}.Ad-Hoc|iPhone.ActiveCfg = Release|Any CPU
		{B19C892E-2628-4CA7-AD27-08D406A3B14B}.Ad-Hoc|iPhone.Build.0 = Release|Any CPU
		{B19C892E-2628-4CA7-AD27-08D406A3B14B}.Ad-Hoc|iPhoneSimulator.ActiveCfg = Release|Any CPU
		{B19C892E-2628-4CA7-AD27-08D406A3B14B}.Ad-Hoc|iPhoneSimulator.Build.0 = Release|Any CPU
		{B19C892E-2628-4CA7-AD27-08D406A3B14B}.Ad-Hoc|x64.ActiveCfg = Release|Any CPU
		{B19C892E-2628-4CA7-AD27-08D406A3B14B}.Ad-Hoc|x64.Build.0 = Release|Any CPU
		{B19C892E-2628-4CA7-AD27-08D406A3B14B}.Ad-Hoc|x86.ActiveCfg = Release|Any CPU
		{B19C892E-2628-4CA7-AD27-08D406A3B14B}.Ad-Hoc|x86.Build.0 = Release|Any CPU
		{B19C892E-2628-4CA7-AD27-08D406A3B14B}.AppStore|Any CPU.ActiveCfg = Release|Any CPU
		{B19C892E-2628-4CA7-AD27-08D406A3B14B}.AppStore|Any CPU.Build.0 = Release|Any CPU
		{B19C892E-2628-4CA7-AD27-08D406A3B14B}.AppStore|ARM.ActiveCfg = Release|Any CPU
		{B19C892E-2628-4CA7-AD27-08D406A3B14B}.AppStore|ARM.Build.0 = Release|Any CPU
		{B19C892E-2628-4CA7-AD27-08D406A3B14B}.AppStore|iPhone.ActiveCfg = Release|Any CPU
		{B19C892E-2628-4CA7-AD27-08D406A3B14B}.AppStore|iPhone.Build.0 = Release|Any CPU
		{B19C892E-2628-4CA7-AD27-08D406A3B14B}.AppStore|iPhoneSimulator.ActiveCfg = Release|Any CPU
		{B19C892E-2628-4CA7-AD27-08D406A3B14B}.AppStore|iPhoneSimulator.Build.0 = Release|Any CPU
		{B19C892E-2628-4CA7-AD27-08D406A3B14B}.AppStore|x64.ActiveCfg = Release|Any CPU
		{B19C892E-2628-4CA7-AD27-08D406A3B14B}.AppStore|x64.Build.0 = Release|Any CPU
		{B19C892E-2628-4CA7-AD27-08D406A3B14B}.AppStore|x86.ActiveCfg = Release|Any CPU
		{B19C892E-2628-4CA7-AD27-08D406A3B14B}.AppStore|x86.Build.0 = Release|Any CPU
		{B19C892E-2628-4CA7-AD27-08D406A3B14B}.Debug|Any CPU.ActiveCfg = Debug|Any CPU
		{B19C892E-2628-4CA7-AD27-08D406A3B14B}.Debug|Any CPU.Build.0 = Debug|Any CPU
		{B19C892E-2628-4CA7-AD27-08D406A3B14B}.Debug|ARM.ActiveCfg = Debug|Any CPU
		{B19C892E-2628-4CA7-AD27-08D406A3B14B}.Debug|ARM.Build.0 = Debug|Any CPU
		{B19C892E-2628-4CA7-AD27-08D406A3B14B}.Debug|iPhone.ActiveCfg = Debug|Any CPU
		{B19C892E-2628-4CA7-AD27-08D406A3B14B}.Debug|iPhone.Build.0 = Debug|Any CPU
		{B19C892E-2628-4CA7-AD27-08D406A3B14B}.Debug|iPhoneSimulator.ActiveCfg = Debug|Any CPU
		{B19C892E-2628-4CA7-AD27-08D406A3B14B}.Debug|iPhoneSimulator.Build.0 = Debug|Any CPU
		{B19C892E-2628-4CA7-AD27-08D406A3B14B}.Debug|x64.ActiveCfg = Debug|Any CPU
		{B19C892E-2628-4CA7-AD27-08D406A3B14B}.Debug|x64.Build.0 = Debug|Any CPU
		{B19C892E-2628-4CA7-AD27-08D406A3B14B}.Debug|x86.ActiveCfg = Debug|Any CPU
		{B19C892E-2628-4CA7-AD27-08D406A3B14B}.Debug|x86.Build.0 = Debug|Any CPU
		{B19C892E-2628-4CA7-AD27-08D406A3B14B}.Release|Any CPU.ActiveCfg = Release|Any CPU
		{B19C892E-2628-4CA7-AD27-08D406A3B14B}.Release|Any CPU.Build.0 = Release|Any CPU
		{B19C892E-2628-4CA7-AD27-08D406A3B14B}.Release|ARM.ActiveCfg = Release|Any CPU
		{B19C892E-2628-4CA7-AD27-08D406A3B14B}.Release|ARM.Build.0 = Release|Any CPU
		{B19C892E-2628-4CA7-AD27-08D406A3B14B}.Release|iPhone.ActiveCfg = Release|Any CPU
		{B19C892E-2628-4CA7-AD27-08D406A3B14B}.Release|iPhone.Build.0 = Release|Any CPU
		{B19C892E-2628-4CA7-AD27-08D406A3B14B}.Release|iPhoneSimulator.ActiveCfg = Release|Any CPU
		{B19C892E-2628-4CA7-AD27-08D406A3B14B}.Release|iPhoneSimulator.Build.0 = Release|Any CPU
		{B19C892E-2628-4CA7-AD27-08D406A3B14B}.Release|x64.ActiveCfg = Release|Any CPU
		{B19C892E-2628-4CA7-AD27-08D406A3B14B}.Release|x64.Build.0 = Release|Any CPU
		{B19C892E-2628-4CA7-AD27-08D406A3B14B}.Release|x86.ActiveCfg = Release|Any CPU
		{B19C892E-2628-4CA7-AD27-08D406A3B14B}.Release|x86.Build.0 = Release|Any CPU
	EndGlobalSection
	GlobalSection(SolutionProperties) = preSolution
		HideSolutionNode = FALSE
	EndGlobalSection
	GlobalSection(ExtensibilityGlobals) = postSolution
		SolutionGuid = {30255519-C7D2-43F9-A507-4134BF9BE670}
	EndGlobalSection
EndGlobal
